
Microsoft Visual Studio Solution File, Format Version 12.00
Project("{FAE04EC0-301F-11D3-BF4B-00C04F79EFBC}") = "Spendly", "Spendly\Spendly.csproj", "{11DF5B60-2268-4236-8A42-E30F3F5CF4E7}"
EndProject
Project("{2150E333-8FDC-42A3-9474-1A3956D46DE8}") = "Core", "Core", "{18C9F290-D468-4B2C-971C-E92130F23DF3}"
EndProject
Project("{2150E333-8FDC-42A3-9474-1A3956D46DE8}") = "Data", "Data", "{EE90C55D-74C5-4587-9BB4-D9919C57B590}"
EndProject
Project("{2150E333-8FDC-42A3-9474-1A3956D46DE8}") = "Integrations", "Integrations", "{EE199A77-30A7-418F-A185-B86C6717F769}"
EndProject
Project("{2150E333-8FDC-42A3-9474-1A3956D46DE8}") = "Tests", "Tests", "{D88289A1-45E0-4EEC-B655-C675A54374D8}"
EndProject
Project("{FAE04EC0-301F-11D3-BF4B-00C04F79EFBC}") = "Spendly.Application", "Spendly.Application\Spendly.Application.csproj", "{DA52695A-E000-4E12-9D25-CE6A39F25E68}"
EndProject
Project("{FAE04EC0-301F-11D3-BF4B-00C04F79EFBC}") = "Spendly.Domain", "Spendly.Domain\Spendly.Domain.csproj", "{9844093A-42A2-4C0C-8A0C-0AC35E6803FC}"
EndProject
Project("{FAE04EC0-301F-11D3-BF4B-00C04F79EFBC}") = "Spendly.Data", "Spendly.Data\Spendly.Data.csproj", "{45FC5D59-7FBD-4153-AEDA-A42F847D9E85}"
EndProject
Project("{FAE04EC0-301F-11D3-BF4B-00C04F79EFBC}") = "Spendly.Postgresql", "Spendly.Postgresql\Spendly.Postgresql.csproj", "{98987E46-B2F9-4AEA-AC37-EDA00C970832}"
EndProject
Project("{FAE04EC0-301F-11D3-BF4B-00C04F79EFBC}") = "Spendly.Monobank", "Spendly.Monobank\Spendly.Monobank.csproj", "{1CBC6BB9-E10B-433B-8123-6C0ECA41A1B0}"
EndProject
Project("{FAE04EC0-301F-11D3-BF4B-00C04F79EFBC}") = "Spendly.Sqlite", "Spendly.Sqlite\Spendly.Sqlite.csproj", "{341AEE18-901F-4D37-B612-1B779B72B1ED}"
EndProject
Project("{FAE04EC0-301F-11D3-BF4B-00C04F79EFBC}") = "Spendly.Infrastructure", "Spendly.Infrastructure\Spendly.Infrastructure.csproj", "{D5C1C4E8-99F4-439B-A4BD-D5341D7187A9}"
EndProject
Global
	GlobalSection(SolutionConfigurationPlatforms) = preSolution
		Debug|Any CPU = Debug|Any CPU
		Release|Any CPU = Release|Any CPU
	EndGlobalSection
	GlobalSection(ProjectConfigurationPlatforms) = postSolution
		{11DF5B60-2268-4236-8A42-E30F3F5CF4E7}.Debug|Any CPU.ActiveCfg = Debug|Any CPU
		{11DF5B60-2268-4236-8A42-E30F3F5CF4E7}.Debug|Any CPU.Build.0 = Debug|Any CPU
		{11DF5B60-2268-4236-8A42-E30F3F5CF4E7}.Release|Any CPU.ActiveCfg = Release|Any CPU
		{11DF5B60-2268-4236-8A42-E30F3F5CF4E7}.Release|Any CPU.Build.0 = Release|Any CPU
		{DA52695A-E000-4E12-9D25-CE6A39F25E68}.Debug|Any CPU.ActiveCfg = Debug|Any CPU
		{DA52695A-E000-4E12-9D25-CE6A39F25E68}.Debug|Any CPU.Build.0 = Debug|Any CPU
		{DA52695A-E000-4E12-9D25-CE6A39F25E68}.Release|Any CPU.ActiveCfg = Release|Any CPU
		{DA52695A-E000-4E12-9D25-CE6A39F25E68}.Release|Any CPU.Build.0 = Release|Any CPU
		{9844093A-42A2-4C0C-8A0C-0AC35E6803FC}.Debug|Any CPU.ActiveCfg = Debug|Any CPU
		{9844093A-42A2-4C0C-8A0C-0AC35E6803FC}.Debug|Any CPU.Build.0 = Debug|Any CPU
		{9844093A-42A2-4C0C-8A0C-0AC35E6803FC}.Release|Any CPU.ActiveCfg = Release|Any CPU
		{9844093A-42A2-4C0C-8A0C-0AC35E6803FC}.Release|Any CPU.Build.0 = Release|Any CPU
		{45FC5D59-7FBD-4153-AEDA-A42F847D9E85}.Debug|Any CPU.ActiveCfg = Debug|Any CPU
		{45FC5D59-7FBD-4153-AEDA-A42F847D9E85}.Debug|Any CPU.Build.0 = Debug|Any CPU
		{45FC5D59-7FBD-4153-AEDA-A42F847D9E85}.Release|Any CPU.ActiveCfg = Release|Any CPU
		{45FC5D59-7FBD-4153-AEDA-A42F847D9E85}.Release|Any CPU.Build.0 = Release|Any CPU
		{98987E46-B2F9-4AEA-AC37-EDA00C970832}.Debug|Any CPU.ActiveCfg = Debug|Any CPU
		{98987E46-B2F9-4AEA-AC37-EDA00C970832}.Debug|Any CPU.Build.0 = Debug|Any CPU
		{98987E46-B2F9-4AEA-AC37-EDA00C970832}.Release|Any CPU.ActiveCfg = Release|Any CPU
		{98987E46-B2F9-4AEA-AC37-EDA00C970832}.Release|Any CPU.Build.0 = Release|Any CPU
		{1CBC6BB9-E10B-433B-8123-6C0ECA41A1B0}.Debug|Any CPU.ActiveCfg = Debug|Any CPU
		{1CBC6BB9-E10B-433B-8123-6C0ECA41A1B0}.Debug|Any CPU.Build.0 = Debug|Any CPU
		{1CBC6BB9-E10B-433B-8123-6C0ECA41A1B0}.Release|Any CPU.ActiveCfg = Release|Any CPU
		{1CBC6BB9-E10B-433B-8123-6C0ECA41A1B0}.Release|Any CPU.Build.0 = Release|Any CPU
		{341AEE18-901F-4D37-B612-1B779B72B1ED}.Debug|Any CPU.ActiveCfg = Debug|Any CPU
		{341AEE18-901F-4D37-B612-1B779B72B1ED}.Debug|Any CPU.Build.0 = Debug|Any CPU
		{341AEE18-901F-4D37-B612-1B779B72B1ED}.Release|Any CPU.ActiveCfg = Release|Any CPU
		{341AEE18-901F-4D37-B612-1B779B72B1ED}.Release|Any CPU.Build.0 = Release|Any CPU
		{D5C1C4E8-99F4-439B-A4BD-D5341D7187A9}.Debug|Any CPU.ActiveCfg = Debug|Any CPU
		{D5C1C4E8-99F4-439B-A4BD-D5341D7187A9}.Debug|Any CPU.Build.0 = Debug|Any CPU
		{D5C1C4E8-99F4-439B-A4BD-D5341D7187A9}.Release|Any CPU.ActiveCfg = Release|Any CPU
		{D5C1C4E8-99F4-439B-A4BD-D5341D7187A9}.Release|Any CPU.Build.0 = Release|Any CPU
	EndGlobalSection
	GlobalSection(NestedProjects) = preSolution
		{DA52695A-E000-4E12-9D25-CE6A39F25E68} = {18C9F290-D468-4B2C-971C-E92130F23DF3}
		{9844093A-42A2-4C0C-8A0C-0AC35E6803FC} = {18C9F290-D468-4B2C-971C-E92130F23DF3}
		{45FC5D59-7FBD-4153-AEDA-A42F847D9E85} = {EE90C55D-74C5-4587-9BB4-D9919C57B590}
		{98987E46-B2F9-4AEA-AC37-EDA00C970832} = {EE90C55D-74C5-4587-9BB4-D9919C57B590}
		{1CBC6BB9-E10B-433B-8123-6C0ECA41A1B0} = {EE199A77-30A7-418F-A185-B86C6717F769}
		{341AEE18-901F-4D37-B612-1B779B72B1ED} = {EE90C55D-74C5-4587-9BB4-D9919C57B590}
		{D5C1C4E8-99F4-439B-A4BD-D5341D7187A9} = {EE90C55D-74C5-4587-9BB4-D9919C57B590}
	EndGlobalSection
EndGlobal
